<?xml version="1.0" encoding="utf-8"?>
<Project ToolsVersion="4.0" xmlns="http://schemas.microsoft.com/developer/msbuild/2003">
  <ItemGroup>
    <Filter Include="Source files">
      <UniqueIdentifier>{12013378-deed-45a5-baf9-a361d8fb70b0}</UniqueIdentifier>
      <Extensions>cpp;c;cc;cxx;def;odl;idl;hpj;bat;asm;asmx</Extensions>
    </Filter>
    <Filter Include="Header files">
      <UniqueIdentifier>{dd96952f-5af3-454e-b659-844738d186f6}</UniqueIdentifier>
      <Extensions>h;hpp;hxx;hm;inl;inc;xsd</Extensions>
    </Filter>
    <Filter Include="Resource files">
      <UniqueIdentifier>{8795fbc1-82ef-414b-9354-07b8ffdf95db}</UniqueIdentifier>
      <Extensions>rc;ico;cur;bmp;dlg;rc2;rct;bin;rgs;gif;jpg;jpeg;jpe;resx;tiff;tif;png;wav</Extensions>
    </Filter>
    <Filter Include="VisualGDB settings">
      <UniqueIdentifier>{aae0cb2f-954a-4565-8796-7e724fbea80c}</UniqueIdentifier>
      <Extensions>*.vgdbsettings</Extensions>
    </Filter>
    <Filter Include="Lib">
      <UniqueIdentifier>{f1e45c8c-c5d4-4733-9f3b-60abf5b8270d}</UniqueIdentifier>
    </Filter>
    <Filter Include="Lib\Interface">
      <UniqueIdentifier>{6d7645ad-8da9-44dd-aa0c-0b730fb2a138}</UniqueIdentifier>
    </Filter>
    <Filter Include="Lib\Devices">
      <UniqueIdentifier>{4b6252fa-ede9-4892-9961-1a1db556d9b6}</UniqueIdentifier>
    </Filter>
  </ItemGroup>
  <ItemGroup>
    <ClCompile Include="main_direct.cpp">
      <Filter>Source files</Filter>
    </ClCompile>
    <ClCompile Include="main_sdl.cpp">
      <Filter>Source files</Filter>
    </ClCompile>
    <ClCompile Include="main.cpp">
      <Filter>Source files</Filter>
    </ClCompile>
    <ClCompile Include="Lib\ADS1x15.cpp">
      <Filter>Lib\Devices</Filter>
    </ClCompile>
    <ClCompile Include="Lib\ADXL345.cpp">
      <Filter>Lib\Devices</Filter>
    </ClCompile>
    <ClCompile Include="Lib\ra8875.cpp">
      <Filter>Lib\Devices</Filter>
    </ClCompile>
    <ClCompile Include="Lib\BMP085.cpp">
      <Filter>Lib\Devices</Filter>
    </ClCompile>
    <ClCompile Include="Lib\I2Cdev.cpp">
      <Filter>Lib\Interface</Filter>
    </ClCompile>
    <ClCompile Include="Lib\SPIdev.cpp">
      <Filter>Lib\Interface</Filter>
    </ClCompile>
    <ClCompile Include="Lib\ITG3200.cpp">
      <Filter>Lib\Devices</Filter>
    </ClCompile>
    <ClCompile Include="Lib\HMC5883L.cpp">
      <Filter>Lib\Devices</Filter>
    </ClCompile>
    <ClCompile Include="Lib\MAG3110.cpp">
      <Filter>Lib\Devices</Filter>
    </ClCompile>
    <ClCompile Include="Lib\BMP280.cpp">
      <Filter>Lib\Devices</Filter>
    </ClCompile>
  </ItemGroup>
  <ItemGroup>
    <None Include="Term-Debug.vgdbsettings">
      <Filter>VisualGDB settings</Filter>
    </None>
    <None Include="Term-Release.vgdbsettings">
      <Filter>VisualGDB settings</Filter>
    </None>
  </ItemGroup>
  <ItemGroup>
    <ClInclude Include="Lib\ADS1x15.h">
      <Filter>Lib\Devices</Filter>
    </ClInclude>
    <ClInclude Include="Lib\ADXL345.h">
      <Filter>Lib\Devices</Filter>
    </ClInclude>
    <ClInclude Include="Lib\ra8875.h">
      <Filter>Lib\Devices</Filter>
    </ClInclude>
    <ClInclude Include="Lib\ra8875_regs.h">
      <Filter>Lib\Devices</Filter>
    </ClInclude>
    <ClInclude Include="Lib\def.h">
      <Filter>Lib</Filter>
    </ClInclude>
    <ClInclude Include="Lib\BMP085.h">
      <Filter>Lib\Devices</Filter>
    </ClInclude>
    <ClInclude Include="Lib\I2Cdev.h">
      <Filter>Lib\Interface</Filter>
    </ClInclude>
    <ClInclude Include="Lib\SPIdev.h">
      <Filter>Lib\Interface</Filter>
    </ClInclude>
    <ClInclude Include="Lib\ITG3200.h">
      <Filter>Lib\Devices</Filter>
    </ClInclude>
    <ClInclude Include="Lib\HMC5883L.h">
      <Filter>Lib\Devices</Filter>
    </ClInclude>
    <ClInclude Include="Lib\MAG3110.h">
      <Filter>Lib\Devices</Filter>
    </ClInclude>
    <ClInclude Include="Lib\BMP280.h">
      <Filter>Lib\Devices</Filter>
    </ClInclude>
  </ItemGroup>
</Project>